
Microsoft Visual Studio Solution File, Format Version 10.00
# Visual Studio 2008
Project("{8BC9CEB8-8B4A-11D0-8D11-00A0C91BC942}") = "float_fixed_3BUF_V10", "float_fixed_3BUF_V10\float_fixed_3BUF_V10.vcproj", "{961FF603-EC3D-4BB9-9B37-79A940642635}"
EndProject
Global
	GlobalSection(SolutionConfigurationPlatforms) = preSolution
		Debug|Win32 = Debug|Win32
		Release|Win32 = Release|Win32
	EndGlobalSection
	GlobalSection(ProjectConfigurationPlatforms) = postSolution
		{961FF603-EC3D-4BB9-9B37-79A940642635}.Debug|Win32.ActiveCfg = Debug|Win32
		{961FF603-EC3D-4BB9-9B37-79A940642635}.Debug|Win32.Build.0 = Debug|Win32
		{961FF603-EC3D-4BB9-9B37-79A940642635}.Release|Win32.ActiveCfg = Release|Win32
		{961FF603-EC3D-4BB9-9B37-79A940642635}.Release|Win32.Build.0 = Release|Win32
	EndGlobalSection
	GlobalSection(SolutionProperties) = preSolution
		HideSolutionNode = FALSE
	EndGlobalSection
EndGlobal
